
Microsoft Visual Studio Solution File, Format Version 12.00
# Visual Studio Version 16
VisualStudioVersion = 16.0.29230.47
MinimumVisualStudioVersion = 10.0.40219.1
Project("{FAE04EC0-301F-11D3-BF4B-00C04F79EFBC}") = "WindowsFormsApp1", "WindowsFormsApp1.csproj", "{50DE82EB-1098-44E4-B8B7-B171FDAF055C}"
EndProject
Global
	GlobalSection(SolutionConfigurationPlatforms) = preSolution
		Debug|Any CPU = Debug|Any CPU
		Release|Any CPU = Release|Any CPU
	EndGlobalSection
	GlobalSection(ProjectConfigurationPlatforms) = postSolution
		{50DE82EB-1098-44E4-B8B7-B171FDAF055C}.Debug|Any CPU.ActiveCfg = Debug|Any CPU
		{50DE82EB-1098-44E4-B8B7-B171FDAF055C}.Debug|Any CPU.Build.0 = Debug|Any CPU
		{50DE82EB-1098-44E4-B8B7-B171FDAF055C}.Release|Any CPU.ActiveCfg = Release|Any CPU
		{50DE82EB-1098-44E4-B8B7-B171FDAF055C}.Release|Any CPU.Build.0 = Release|Any CPU
	EndGlobalSection
	GlobalSection(SolutionProperties) = preSolution
		HideSolutionNode = FALSE
	EndGlobalSection
	GlobalSection(ExtensibilityGlobals) = postSolution
		SolutionGuid = {24071A6F-4C65-40A1-A91A-47DCD8B84067}
	EndGlobalSection
EndGlobal
